// !$*UTF8*$!
{
	archiveVersion = 1;
	classes = {
	};
	objectVersion = 46;
	objects = {

/* Begin PBXBuildFile section */
		8110249419B9DDA4007CF550 /* tmdbIndexPageController.m in Sources */ = {isa = PBXBuildFile; fileRef = 8110249319B9DDA4007CF550 /* tmdbIndexPageController.m */; };
		814B4B0619B92E3700D5FDBA /* Main.storyboard in Resources */ = {isa = PBXBuildFile; fileRef = 814B4B0419B92E3700D5FDBA /* Main.storyboard */; };
		817376F719B8018900733619 /* images.jpeg in Resources */ = {isa = PBXBuildFile; fileRef = 817376F619B8018900733619 /* images.jpeg */; };
		817376FA19B80E2200733619 /* constants.m in Sources */ = {isa = PBXBuildFile; fileRef = 817376F919B80E2200733619 /* constants.m */; };
		817376FF19B8E2F000733619 /* CustomCellTableViewCell.m in Sources */ = {isa = PBXBuildFile; fileRef = 817376FE19B8E2F000733619 /* CustomCellTableViewCell.m */; };
		8194F94D19B7F45E00078E80 /* Foundation.framework in Frameworks */ = {isa = PBXBuildFile; fileRef = 8194F94C19B7F45E00078E80 /* Foundation.framework */; };
		8194F94F19B7F45F00078E80 /* CoreGraphics.framework in Frameworks */ = {isa = PBXBuildFile; fileRef = 8194F94E19B7F45F00078E80 /* CoreGraphics.framework */; };
		8194F95119B7F45F00078E80 /* UIKit.framework in Frameworks */ = {isa = PBXBuildFile; fileRef = 8194F95019B7F45F00078E80 /* UIKit.framework */; };
		8194F95719B7F45F00078E80 /* InfoPlist.strings in Resources */ = {isa = PBXBuildFile; fileRef = 8194F95519B7F45F00078E80 /* InfoPlist.strings */; };
		8194F95919B7F45F00078E80 /* main.m in Sources */ = {isa = PBXBuildFile; fileRef = 8194F95819B7F45F00078E80 /* main.m */; };
		8194F95D19B7F45F00078E80 /* tmdbAppDelegate.m in Sources */ = {isa = PBXBuildFile; fileRef = 8194F95C19B7F45F00078E80 /* tmdbAppDelegate.m */; };
		8194F96319B7F45F00078E80 /* tmdbMasterViewController.m in Sources */ = {isa = PBXBuildFile; fileRef = 8194F96219B7F45F00078E80 /* tmdbMasterViewController.m */; };
		8194F96619B7F45F00078E80 /* tmdbDetailViewController.m in Sources */ = {isa = PBXBuildFile; fileRef = 8194F96519B7F45F00078E80 /* tmdbDetailViewController.m */; };
		8194F96819B7F45F00078E80 /* Images.xcassets in Resources */ = {isa = PBXBuildFile; fileRef = 8194F96719B7F45F00078E80 /* Images.xcassets */; };
		8194F96F19B7F45F00078E80 /* XCTest.framework in Frameworks */ = {isa = PBXBuildFile; fileRef = 8194F96E19B7F45F00078E80 /* XCTest.framework */; };
		8194F97019B7F45F00078E80 /* Foundation.framework in Frameworks */ = {isa = PBXBuildFile; fileRef = 8194F94C19B7F45E00078E80 /* Foundation.framework */; };
		8194F97119B7F45F00078E80 /* UIKit.framework in Frameworks */ = {isa = PBXBuildFile; fileRef = 8194F95019B7F45F00078E80 /* UIKit.framework */; };
		8194F97919B7F45F00078E80 /* InfoPlist.strings in Resources */ = {isa = PBXBuildFile; fileRef = 8194F97719B7F45F00078E80 /* InfoPlist.strings */; };
		8194F97B19B7F45F00078E80 /* tmdbappTests.m in Sources */ = {isa = PBXBuildFile; fileRef = 8194F97A19B7F45F00078E80 /* tmdbappTests.m */; };
		8194F98619B7FBC900078E80 /* Movie.m in Sources */ = {isa = PBXBuildFile; fileRef = 8194F98519B7FBC900078E80 /* Movie.m */; };
		81A2F84219C39A7100E6B991 /* images-3.jpeg in Resources */ = {isa = PBXBuildFile; fileRef = 81A2F84119C39A7100E6B991 /* images-3.jpeg */; };
/* End PBXBuildFile section */

/* Begin PBXContainerItemProxy section */
		8194F97219B7F45F00078E80 /* PBXContainerItemProxy */ = {
			isa = PBXContainerItemProxy;
			containerPortal = 8194F94119B7F45E00078E80 /* Project object */;
			proxyType = 1;
			remoteGlobalIDString = 8194F94819B7F45E00078E80;
			remoteInfo = tmdbapp;
		};
/* End PBXContainerItemProxy section */

/* Begin PBXFileReference section */
		8110249219B9DDA4007CF550 /* tmdbIndexPageController.h */ = {isa = PBXFileReference; fileEncoding = 4; lastKnownFileType = sourcecode.c.h; path = tmdbIndexPageController.h; sourceTree = "<group>"; };
		8110249319B9DDA4007CF550 /* tmdbIndexPageController.m */ = {isa = PBXFileReference; fileEncoding = 4; lastKnownFileType = sourcecode.c.objc; path = tmdbIndexPageController.m; sourceTree = "<group>"; };
		814B4B0519B92E3700D5FDBA /* Base */ = {isa = PBXFileReference; lastKnownFileType = file.storyboard; name = Base; path = Base.lproj/Main.storyboard; sourceTree = "<group>"; };
		817376F619B8018900733619 /* images.jpeg */ = {isa = PBXFileReference; lastKnownFileType = image.jpeg; path = images.jpeg; sourceTree = "<group>"; };
		817376F819B80E2200733619 /* constants.h */ = {isa = PBXFileReference; fileEncoding = 4; lastKnownFileType = sourcecode.c.h; path = constants.h; sourceTree = "<group>"; };
		817376F919B80E2200733619 /* constants.m */ = {isa = PBXFileReference; fileEncoding = 4; lastKnownFileType = sourcecode.c.objc; path = constants.m; sourceTree = "<group>"; };
		817376FD19B8E2F000733619 /* CustomCellTableViewCell.h */ = {isa = PBXFileReference; fileEncoding = 4; lastKnownFileType = sourcecode.c.h; path = CustomCellTableViewCell.h; sourceTree = "<group>"; };
		817376FE19B8E2F000733619 /* CustomCellTableViewCell.m */ = {isa = PBXFileReference; fileEncoding = 4; lastKnownFileType = sourcecode.c.objc; path = CustomCellTableViewCell.m; sourceTree = "<group>"; };
		8194F94919B7F45E00078E80 /* tmdbapp.app */ = {isa = PBXFileReference; explicitFileType = wrapper.application; includeInIndex = 0; path = tmdbapp.app; sourceTree = BUILT_PRODUCTS_DIR; };
		8194F94C19B7F45E00078E80 /* Foundation.framework */ = {isa = PBXFileReference; lastKnownFileType = wrapper.framework; name = Foundation.framework; path = System/Library/Frameworks/Foundation.framework; sourceTree = SDKROOT; };
		8194F94E19B7F45F00078E80 /* CoreGraphics.framework */ = {isa = PBXFileReference; lastKnownFileType = wrapper.framework; name = CoreGraphics.framework; path = System/Library/Frameworks/CoreGraphics.framework; sourceTree = SDKROOT; };
		8194F95019B7F45F00078E80 /* UIKit.framework */ = {isa = PBXFileReference; lastKnownFileType = wrapper.framework; name = UIKit.framework; path = System/Library/Frameworks/UIKit.framework; sourceTree = SDKROOT; };
		8194F95419B7F45F00078E80 /* tmdbapp-Info.plist */ = {isa = PBXFileReference; lastKnownFileType = text.plist.xml; path = "tmdbapp-Info.plist"; sourceTree = "<group>"; };
		8194F95619B7F45F00078E80 /* en */ = {isa = PBXFileReference; lastKnownFileType = text.plist.strings; name = en; path = en.lproj/InfoPlist.strings; sourceTree = "<group>"; };
		8194F95819B7F45F00078E80 /* main.m */ = {isa = PBXFileReference; lastKnownFileType = sourcecode.c.objc; path = main.m; sourceTree = "<group>"; };
		8194F95A19B7F45F00078E80 /* tmdbapp-Prefix.pch */ = {isa = PBXFileReference; lastKnownFileType = sourcecode.c.h; path = "tmdbapp-Prefix.pch"; sourceTree = "<group>"; };
		8194F95B19B7F45F00078E80 /* tmdbAppDelegate.h */ = {isa = PBXFileReference; lastKnownFileType = sourcecode.c.h; path = tmdbAppDelegate.h; sourceTree = "<group>"; };
		8194F95C19B7F45F00078E80 /* tmdbAppDelegate.m */ = {isa = PBXFileReference; lastKnownFileType = sourcecode.c.objc; path = tmdbAppDelegate.m; sourceTree = "<group>"; };
		8194F96119B7F45F00078E80 /* tmdbMasterViewController.h */ = {isa = PBXFileReference; lastKnownFileType = sourcecode.c.h; path = tmdbMasterViewController.h; sourceTree = "<group>"; };
		8194F96219B7F45F00078E80 /* tmdbMasterViewController.m */ = {isa = PBXFileReference; lastKnownFileType = sourcecode.c.objc; path = tmdbMasterViewController.m; sourceTree = "<group>"; };
		8194F96419B7F45F00078E80 /* tmdbDetailViewController.h */ = {isa = PBXFileReference; lastKnownFileType = sourcecode.c.h; path = tmdbDetailViewController.h; sourceTree = "<group>"; };
		8194F96519B7F45F00078E80 /* tmdbDetailViewController.m */ = {isa = PBXFileReference; lastKnownFileType = sourcecode.c.objc; path = tmdbDetailViewController.m; sourceTree = "<group>"; };
		8194F96719B7F45F00078E80 /* Images.xcassets */ = {isa = PBXFileReference; lastKnownFileType = folder.assetcatalog; path = Images.xcassets; sourceTree = "<group>"; };
		8194F96D19B7F45F00078E80 /* tmdbappTests.xctest */ = {isa = PBXFileReference; explicitFileType = wrapper.cfbundle; includeInIndex = 0; path = tmdbappTests.xctest; sourceTree = BUILT_PRODUCTS_DIR; };
		8194F96E19B7F45F00078E80 /* XCTest.framework */ = {isa = PBXFileReference; lastKnownFileType = wrapper.framework; name = XCTest.framework; path = Library/Frameworks/XCTest.framework; sourceTree = DEVELOPER_DIR; };
		8194F97619B7F45F00078E80 /* tmdbappTests-Info.plist */ = {isa = PBXFileReference; lastKnownFileType = text.plist.xml; path = "tmdbappTests-Info.plist"; sourceTree = "<group>"; };
		8194F97819B7F45F00078E80 /* en */ = {isa = PBXFileReference; lastKnownFileType = text.plist.strings; name = en; path = en.lproj/InfoPlist.strings; sourceTree = "<group>"; };
		8194F97A19B7F45F00078E80 /* tmdbappTests.m */ = {isa = PBXFileReference; lastKnownFileType = sourcecode.c.objc; path = tmdbappTests.m; sourceTree = "<group>"; };
		8194F98419B7FBC900078E80 /* Movie.h */ = {isa = PBXFileReference; fileEncoding = 4; lastKnownFileType = sourcecode.c.h; path = Movie.h; sourceTree = "<group>"; };
		8194F98519B7FBC900078E80 /* Movie.m */ = {isa = PBXFileReference; fileEncoding = 4; lastKnownFileType = sourcecode.c.objc; path = Movie.m; sourceTree = "<group>"; };
		81A2F84119C39A7100E6B991 /* images-3.jpeg */ = {isa = PBXFileReference; lastKnownFileType = image.jpeg; path = "images-3.jpeg"; sourceTree = "<group>"; };
/* End PBXFileReference section */

/* Begin PBXFrameworksBuildPhase section */
		8194F94619B7F45E00078E80 /* Frameworks */ = {
			isa = PBXFrameworksBuildPhase;
			buildActionMask = 2147483647;
			files = (
				8194F94F19B7F45F00078E80 /* CoreGraphics.framework in Frameworks */,
				8194F95119B7F45F00078E80 /* UIKit.framework in Frameworks */,
				8194F94D19B7F45E00078E80 /* Foundation.framework in Frameworks */,
			);
			runOnlyForDeploymentPostprocessing = 0;
		};
		8194F96A19B7F45F00078E80 /* Frameworks */ = {
			isa = PBXFrameworksBuildPhase;
			buildActionMask = 2147483647;
			files = (
				8194F96F19B7F45F00078E80 /* XCTest.framework in Frameworks */,
				8194F97119B7F45F00078E80 /* UIKit.framework in Frameworks */,
				8194F97019B7F45F00078E80 /* Foundation.framework in Frameworks */,
			);
			runOnlyForDeploymentPostprocessing = 0;
		};
/* End PBXFrameworksBuildPhase section */

/* Begin PBXGroup section */
		8194F94019B7F45E00078E80 = {
			isa = PBXGroup;
			children = (
				8194F95219B7F45F00078E80 /* tmdbapp */,
				8194F97419B7F45F00078E80 /* tmdbappTests */,
				8194F94B19B7F45E00078E80 /* Frameworks */,
				8194F94A19B7F45E00078E80 /* Products */,
			);
			sourceTree = "<group>";
		};
		8194F94A19B7F45E00078E80 /* Products */ = {
			isa = PBXGroup;
			children = (
				8194F94919B7F45E00078E80 /* tmdbapp.app */,
				8194F96D19B7F45F00078E80 /* tmdbappTests.xctest */,
			);
			name = Products;
			sourceTree = "<group>";
		};
		8194F94B19B7F45E00078E80 /* Frameworks */ = {
			isa = PBXGroup;
			children = (
				8194F94C19B7F45E00078E80 /* Foundation.framework */,
				8194F94E19B7F45F00078E80 /* CoreGraphics.framework */,
				8194F95019B7F45F00078E80 /* UIKit.framework */,
				8194F96E19B7F45F00078E80 /* XCTest.framework */,
			);
			name = Frameworks;
			sourceTree = "<group>";
		};
		8194F95219B7F45F00078E80 /* tmdbapp */ = {
			isa = PBXGroup;
			children = (
				8194F95B19B7F45F00078E80 /* tmdbAppDelegate.h */,
				8194F95C19B7F45F00078E80 /* tmdbAppDelegate.m */,
				814B4B0419B92E3700D5FDBA /* Main.storyboard */,
				8194F96119B7F45F00078E80 /* tmdbMasterViewController.h */,
				8194F96219B7F45F00078E80 /* tmdbMasterViewController.m */,
				8194F96419B7F45F00078E80 /* tmdbDetailViewController.h */,
				8194F96519B7F45F00078E80 /* tmdbDetailViewController.m */,
				8194F96719B7F45F00078E80 /* Images.xcassets */,
				8194F95319B7F45F00078E80 /* Supporting Files */,
				8194F98419B7FBC900078E80 /* Movie.h */,
				8194F98519B7FBC900078E80 /* Movie.m */,
				817376F819B80E2200733619 /* constants.h */,
				817376F919B80E2200733619 /* constants.m */,
				817376FD19B8E2F000733619 /* CustomCellTableViewCell.h */,
				817376FE19B8E2F000733619 /* CustomCellTableViewCell.m */,
				8110249219B9DDA4007CF550 /* tmdbIndexPageController.h */,
				8110249319B9DDA4007CF550 /* tmdbIndexPageController.m */,
			);
			path = tmdbapp;
			sourceTree = "<group>";
		};
		8194F95319B7F45F00078E80 /* Supporting Files */ = {
			isa = PBXGroup;
			children = (
				81A2F84119C39A7100E6B991 /* images-3.jpeg */,
				817376F619B8018900733619 /* images.jpeg */,
				8194F95419B7F45F00078E80 /* tmdbapp-Info.plist */,
				8194F95519B7F45F00078E80 /* InfoPlist.strings */,
				8194F95819B7F45F00078E80 /* main.m */,
				8194F95A19B7F45F00078E80 /* tmdbapp-Prefix.pch */,
			);
			name = "Supporting Files";
			sourceTree = "<group>";
		};
		8194F97419B7F45F00078E80 /* tmdbappTests */ = {
			isa = PBXGroup;
			children = (
				8194F97A19B7F45F00078E80 /* tmdbappTests.m */,
				8194F97519B7F45F00078E80 /* Supporting Files */,
			);
			path = tmdbappTests;
			sourceTree = "<group>";
		};
		8194F97519B7F45F00078E80 /* Supporting Files */ = {
			isa = PBXGroup;
			children = (
				8194F97619B7F45F00078E80 /* tmdbappTests-Info.plist */,
				8194F97719B7F45F00078E80 /* InfoPlist.strings */,
			);
			name = "Supporting Files";
			sourceTree = "<group>";
		};
/* End PBXGroup section */

/* Begin PBXNativeTarget section */
		8194F94819B7F45E00078E80 /* tmdbapp */ = {
			isa = PBXNativeTarget;
			buildConfigurationList = 8194F97E19B7F45F00078E80 /* Build configuration list for PBXNativeTarget "tmdbapp" */;
			buildPhases = (
				8194F94519B7F45E00078E80 /* Sources */,
				8194F94619B7F45E00078E80 /* Frameworks */,
				8194F94719B7F45E00078E80 /* Resources */,
			);
			buildRules = (
			);
			dependencies = (
			);
			name = tmdbapp;
			productName = tmdbapp;
			productReference = 8194F94919B7F45E00078E80 /* tmdbapp.app */;
			productType = "com.apple.product-type.application";
		};
		8194F96C19B7F45F00078E80 /* tmdbappTests */ = {
			isa = PBXNativeTarget;
			buildConfigurationList = 8194F98119B7F45F00078E80 /* Build configuration list for PBXNativeTarget "tmdbappTests" */;
			buildPhases = (
				8194F96919B7F45F00078E80 /* Sources */,
				8194F96A19B7F45F00078E80 /* Frameworks */,
				8194F96B19B7F45F00078E80 /* Resources */,
			);
			buildRules = (
			);
			dependencies = (
				8194F97319B7F45F00078E80 /* PBXTargetDependency */,
			);
			name = tmdbappTests;
			productName = tmdbappTests;
			productReference = 8194F96D19B7F45F00078E80 /* tmdbappTests.xctest */;
			productType = "com.apple.product-type.bundle.unit-test";
		};
/* End PBXNativeTarget section */

/* Begin PBXProject section */
		8194F94119B7F45E00078E80 /* Project object */ = {
			isa = PBXProject;
			attributes = {
				CLASSPREFIX = tmdb;
				LastUpgradeCheck = 0510;
				ORGANIZATIONNAME = "___Pranav___";
				TargetAttributes = {
					8194F96C19B7F45F00078E80 = {
						TestTargetID = 8194F94819B7F45E00078E80;
					};
				};
			};
			buildConfigurationList = 8194F94419B7F45E00078E80 /* Build configuration list for PBXProject "tmdbapp" */;
			compatibilityVersion = "Xcode 3.2";
			developmentRegion = English;
			hasScannedForEncodings = 0;
			knownRegions = (
				en,
				Base,
			);
			mainGroup = 8194F94019B7F45E00078E80;
			productRefGroup = 8194F94A19B7F45E00078E80 /* Products */;
			projectDirPath = "";
			projectRoot = "";
			targets = (
				8194F94819B7F45E00078E80 /* tmdbapp */,
				8194F96C19B7F45F00078E80 /* tmdbappTests */,
			);
		};
/* End PBXProject section */

/* Begin PBXResourcesBuildPhase section */
		8194F94719B7F45E00078E80 /* Resources */ = {
			isa = PBXResourcesBuildPhase;
			buildActionMask = 2147483647;
			files = (
				8194F96819B7F45F00078E80 /* Images.xcassets in Resources */,
				817376F719B8018900733619 /* images.jpeg in Resources */,
				8194F95719B7F45F00078E80 /* InfoPlist.strings in Resources */,
				814B4B0619B92E3700D5FDBA /* Main.storyboard in Resources */,
				81A2F84219C39A7100E6B991 /* images-3.jpeg in Resources */,
			);
			runOnlyForDeploymentPostprocessing = 0;
		};
		8194F96B19B7F45F00078E80 /* Resources */ = {
			isa = PBXResourcesBuildPhase;
			buildActionMask = 2147483647;
			files = (
				8194F97919B7F45F00078E80 /* InfoPlist.strings in Resources */,
			);
			runOnlyForDeploymentPostprocessing = 0;
		};
/* End PBXResourcesBuildPhase section */

/* Begin PBXSourcesBuildPhase section */
		8194F94519B7F45E00078E80 /* Sources */ = {
			isa = PBXSourcesBuildPhase;
			buildActionMask = 2147483647;
			files = (
				8194F95919B7F45F00078E80 /* main.m in Sources */,
				8194F96319B7F45F00078E80 /* tmdbMasterViewController.m in Sources */,
				8194F98619B7FBC900078E80 /* Movie.m in Sources */,
				817376FA19B80E2200733619 /* constants.m in Sources */,
				8110249419B9DDA4007CF550 /* tmdbIndexPageController.m in Sources */,
				8194F96619B7F45F00078E80 /* tmdbDetailViewController.m in Sources */,
				8194F95D19B7F45F00078E80 /* tmdbAppDelegate.m in Sources */,
				817376FF19B8E2F000733619 /* CustomCellTableViewCell.m in Sources */,
			);
			runOnlyForDeploymentPostprocessing = 0;
		};
		8194F96919B7F45F00078E80 /* Sources */ = {
			isa = PBXSourcesBuildPhase;
			buildActionMask = 2147483647;
			files = (
				8194F97B19B7F45F00078E80 /* tmdbappTests.m in Sources */,
			);
			runOnlyForDeploymentPostprocessing = 0;
		};
/* End PBXSourcesBuildPhase section */

/* Begin PBXTargetDependency section */
		8194F97319B7F45F00078E80 /* PBXTargetDependency */ = {
			isa = PBXTargetDependency;
			target = 8194F94819B7F45E00078E80 /* tmdbapp */;
			targetProxy = 8194F97219B7F45F00078E80 /* PBXContainerItemProxy */;
		};
/* End PBXTargetDependency section */

/* Begin PBXVariantGroup section */
		814B4B0419B92E3700D5FDBA /* Main.storyboard */ = {
			isa = PBXVariantGroup;
			children = (
				814B4B0519B92E3700D5FDBA /* Base */,
			);
			name = Main.storyboard;
			sourceTree = "<group>";
		};
		8194F95519B7F45F00078E80 /* InfoPlist.strings */ = {
			isa = PBXVariantGroup;
			children = (
				8194F95619B7F45F00078E80 /* en */,
			);
			name = InfoPlist.strings;
			sourceTree = "<group>";
		};
		8194F97719B7F45F00078E80 /* InfoPlist.strings */ = {
			isa = PBXVariantGroup;
			children = (
				8194F97819B7F45F00078E80 /* en */,
			);
			name = InfoPlist.strings;
			sourceTree = "<group>";
		};
/* End PBXVariantGroup section */

/* Begin XCBuildConfiguration section */
		8194F97C19B7F45F00078E80 /* Debug */ = {
			isa = XCBuildConfiguration;
			buildSettings = {
				ALWAYS_SEARCH_USER_PATHS = NO;
				CLANG_CXX_LANGUAGE_STANDARD = "gnu++0x";
				CLANG_CXX_LIBRARY = "libc++";
				CLANG_ENABLE_MODULES = YES;
				CLANG_ENABLE_OBJC_ARC = YES;
				CLANG_WARN_BOOL_CONVERSION = YES;
				CLANG_WARN_CONSTANT_CONVERSION = YES;
				CLANG_WARN_DIRECT_OBJC_ISA_USAGE = YES_ERROR;
				CLANG_WARN_EMPTY_BODY = YES;
				CLANG_WARN_ENUM_CONVERSION = YES;
				CLANG_WARN_INT_CONVERSION = YES;
				CLANG_WARN_OBJC_ROOT_CLASS = YES_ERROR;
				CLANG_WARN__DUPLICATE_METHOD_MATCH = YES;
				"CODE_SIGN_IDENTITY[sdk=iphoneos*]" = "iPhone Developer";
				COPY_PHASE_STRIP = NO;
				GCC_C_LANGUAGE_STANDARD = gnu99;
				GCC_DYNAMIC_NO_PIC = NO;
				GCC_OPTIMIZATION_LEVEL = 0;
				GCC_PREPROCESSOR_DEFINITIONS = (
					"DEBUG=1",
					"$(inherited)",
				);
				GCC_SYMBOLS_PRIVATE_EXTERN = NO;
				GCC_WARN_64_TO_32_BIT_CONVERSION = YES;
				GCC_WARN_ABOUT_RETURN_TYPE = YES_ERROR;
				GCC_WARN_UNDECLARED_SELECTOR = YES;
				GCC_WARN_UNINITIALIZED_AUTOS = YES_AGGRESSIVE;
				GCC_WARN_UNUSED_FUNCTION = YES;
				GCC_WARN_UNUSED_VARIABLE = YES;
				IPHONEOS_DEPLOYMENT_TARGET = 7.1;
				ONLY_ACTIVE_ARCH = YES;
				SDKROOT = iphoneos;
			};
			name = Debug;
		};
		8194F97D19B7F45F00078E80 /* Release */ = {
			isa = XCBuildConfiguration;
			buildSettings = {
				ALWAYS_SEARCH_USER_PATHS = NO;
				CLANG_CXX_LANGUAGE_STANDARD = "gnu++0x";
				CLANG_CXX_LIBRARY = "libc++";
				CLANG_ENABLE_MODULES = YES;
				CLANG_ENABLE_OBJC_ARC = YES;
				CLANG_WARN_BOOL_CONVERSION = YES;
				CLANG_WARN_CONSTANT_CONVERSION = YES;
				CLANG_WARN_DIRECT_OBJC_ISA_USAGE = YES_ERROR;
				CLANG_WARN_EMPTY_BODY = YES;
				CLANG_WARN_ENUM_CONVERSION = YES;
				CLANG_WARN_INT_CONVERSION = YES;
				CLANG_WARN_OBJC_ROOT_CLASS = YES_ERROR;
				CLANG_WARN__DUPLICATE_METHOD_MATCH = YES;
				"CODE_SIGN_IDENTITY[sdk=iphoneos*]" = "iPhone Developer";
				COPY_PHASE_STRIP = YES;
				ENABLE_NS_ASSERTIONS = NO;
				GCC_C_LANGUAGE_STANDARD = gnu99;
				GCC_WARN_64_TO_32_BIT_CONVERSION = YES;
				GCC_WARN_ABOUT_RETURN_TYPE = YES_ERROR;
				GCC_WARN_UNDECLARED_SELECTOR = YES;
				GCC_WARN_UNINITIALIZED_AUTOS = YES_AGGRESSIVE;
				GCC_WARN_UNUSED_FUNCTION = YES;
				GCC_WARN_UNUSED_VARIABLE = YES;
				IPHONEOS_DEPLOYMENT_TARGET = 7.1;
				SDKROOT = iphoneos;
				VALIDATE_PRODUCT = YES;
			};
			name = Release;
		};
		8194F97F19B7F45F00078E80 /* Debug */ = {
			isa = XCBuildConfiguration;
			buildSettings = {
				ASSETCATALOG_COMPILER_APPICON_NAME = AppIcon;
				ASSETCATALOG_COMPILER_LAUNCHIMAGE_NAME = LaunchImage;
				GCC_PRECOMPILE_PREFIX_HEADER = YES;
				GCC_PREFIX_HEADER = "tmdbapp/tmdbapp-Prefix.pch";
				INFOPLIST_FILE = "tmdbapp/tmdbapp-Info.plist";
				PRODUCT_NAME = "$(TARGET_NAME)";
				WRAPPER_EXTENSION = app;
			};
			name = Debug;
		};
		8194F98019B7F45F00078E80 /* Release */ = {
			isa = XCBuildConfiguration;
			buildSettings = {
				ASSETCATALOG_COMPILER_APPICON_NAME = AppIcon;
				ASSETCATALOG_COMPILER_LAUNCHIMAGE_NAME = LaunchImage;
				GCC_PRECOMPILE_PREFIX_HEADER = YES;
				GCC_PREFIX_HEADER = "tmdbapp/tmdbapp-Prefix.pch";
				INFOPLIST_FILE = "tmdbapp/tmdbapp-Info.plist";
				PRODUCT_NAME = "$(TARGET_NAME)";
				WRAPPER_EXTENSION = app;
			};
			name = Release;
		};
		8194F98219B7F45F00078E80 /* Debug */ = {
			isa = XCBuildConfiguration;
			buildSettings = {
				BUNDLE_LOADER = "$(BUILT_PRODUCTS_DIR)/tmdbapp.app/tmdbapp";
				FRAMEWORK_SEARCH_PATHS = (
					"$(SDKROOT)/Developer/Library/Frameworks",
					"$(inherited)",
					"$(DEVELOPER_FRAMEWORKS_DIR)",
				);
				GCC_PRECOMPILE_PREFIX_HEADER = YES;
				GCC_PREFIX_HEADER = "tmdbapp/tmdbapp-Prefix.pch";
				GCC_PREPROCESSOR_DEFINITIONS = (
					"DEBUG=1",
					"$(inherited)",
				);
				INFOPLIST_FILE = "tmdbappTests/tmdbappTests-Info.plist";
				PRODUCT_NAME = "$(TARGET_NAME)";
				TEST_HOST = "$(BUNDLE_LOADER)";
				WRAPPER_EXTENSION = xctest;
			};
			name = Debug;
		};
		8194F98319B7F45F00078E80 /* Release */ = {
			isa = XCBuildConfiguration;
			buildSettings = {
				BUNDLE_LOADER = "$(BUILT_PRODUCTS_DIR)/tmdbapp.app/tmdbapp";
				FRAMEWORK_SEARCH_PATHS = (
					"$(SDKROOT)/Developer/Library/Frameworks",
					"$(inherited)",
					"$(DEVELOPER_FRAMEWORKS_DIR)",
				);
				GCC_PRECOMPILE_PREFIX_HEADER = YES;
				GCC_PREFIX_HEADER = "tmdbapp/tmdbapp-Prefix.pch";
				INFOPLIST_FILE = "tmdbappTests/tmdbappTests-Info.plist";
				PRODUCT_NAME = "$(TARGET_NAME)";
				TEST_HOST = "$(BUNDLE_LOADER)";
				WRAPPER_EXTENSION = xctest;
			};
			name = Release;
		};
/* End XCBuildConfiguration section */

/* Begin XCConfigurationList section */
		8194F94419B7F45E00078E80 /* Build configuration list for PBXProject "tmdbapp" */ = {
			isa = XCConfigurationList;
			buildConfigurations = (
				8194F97C19B7F45F00078E80 /* Debug */,
				8194F97D19B7F45F00078E80 /* Release */,
			);
			defaultConfigurationIsVisible = 0;
			defaultConfigurationName = Release;
		};
		8194F97E19B7F45F00078E80 /* Build configuration list for PBXNativeTarget "tmdbapp" */ = {
			isa = XCConfigurationList;
			buildConfigurations = (
				8194F97F19B7F45F00078E80 /* Debug */,
				8194F98019B7F45F00078E80 /* Release */,
			);
			defaultConfigurationIsVisible = 0;
			defaultConfigurationName = Release;
		};
		8194F98119B7F45F00078E80 /* Build configuration list for PBXNativeTarget "tmdbappTests" */ = {
			isa = XCConfigurationList;
			buildConfigurations = (
				8194F98219B7F45F00078E80 /* Debug */,
				8194F98319B7F45F00078E80 /* Release */,
			);
			defaultConfigurationIsVisible = 0;
			defaultConfigurationName = Release;
		};
/* End XCConfigurationList section */
	};
	rootObject = 8194F94119B7F45E00078E80 /* Project object */;
}
